
Microsoft Visual Studio Solution File, Format Version 12.00
# Visual Studio Version 17
VisualStudioVersion = 17.5.33530.505
MinimumVisualStudioVersion = 10.0.40219.1
Project("{FAE04EC0-301F-11D3-BF4B-00C04F79EFBC}") = "OCR_TESSERACT.WEBAPI", "OCR_TESSERACT.WEBAPI\OCR_TESSERACT.WEBAPI.csproj", "{8288B684-86CA-4A8B-8860-4A074BA72382}"
EndProject
Global
	GlobalSection(SolutionConfigurationPlatforms) = preSolution
		Debug|Any CPU = Debug|Any CPU
		Release|Any CPU = Release|Any CPU
	EndGlobalSection
	GlobalSection(ProjectConfigurationPlatforms) = postSolution
		{8288B684-86CA-4A8B-8860-4A074BA72382}.Debug|Any CPU.ActiveCfg = Debug|Any CPU
		{8288B684-86CA-4A8B-8860-4A074BA72382}.Debug|Any CPU.Build.0 = Debug|Any CPU
		{8288B684-86CA-4A8B-8860-4A074BA72382}.Release|Any CPU.ActiveCfg = Release|Any CPU
		{8288B684-86CA-4A8B-8860-4A074BA72382}.Release|Any CPU.Build.0 = Release|Any CPU
	EndGlobalSection
	GlobalSection(SolutionProperties) = preSolution
		HideSolutionNode = FALSE
	EndGlobalSection
	GlobalSection(ExtensibilityGlobals) = postSolution
		SolutionGuid = {413C15FF-0AE0-4663-B848-E7DC8E22D20E}
	EndGlobalSection
EndGlobal
